
Microsoft Visual Studio Solution File, Format Version 12.00
# Visual Studio Version 17
VisualStudioVersion = 17.0.31903.59
MinimumVisualStudioVersion = 10.0.40219.1
Project("{FAE04EC0-301F-11D3-BF4B-00C04F79EFBC}") = "ValuesAndReferences", "ValuesAndReferences\ValuesAndReferences.csproj", "{78FD0654-6E17-40D8-A1A3-0454B4EA337C}"
EndProject
Project("{FAE04EC0-301F-11D3-BF4B-00C04F79EFBC}") = "Tempo", "Tempo\Tempo.csproj", "{6618693E-09A6-425E-B621-B4C59CB2D8E0}"
EndProject
Project("{FAE04EC0-301F-11D3-BF4B-00C04F79EFBC}") = "RandomTest", "RandomTest\RandomTest.csproj", "{D1FC214C-EF5F-417F-9DC0-203DC0902B60}"
EndProject
Global
	GlobalSection(SolutionConfigurationPlatforms) = preSolution
		Debug|Any CPU = Debug|Any CPU
		Release|Any CPU = Release|Any CPU
	EndGlobalSection
	GlobalSection(SolutionProperties) = preSolution
		HideSolutionNode = FALSE
	EndGlobalSection
	GlobalSection(ProjectConfigurationPlatforms) = postSolution
		{78FD0654-6E17-40D8-A1A3-0454B4EA337C}.Debug|Any CPU.ActiveCfg = Debug|Any CPU
		{78FD0654-6E17-40D8-A1A3-0454B4EA337C}.Debug|Any CPU.Build.0 = Debug|Any CPU
		{78FD0654-6E17-40D8-A1A3-0454B4EA337C}.Release|Any CPU.ActiveCfg = Release|Any CPU
		{78FD0654-6E17-40D8-A1A3-0454B4EA337C}.Release|Any CPU.Build.0 = Release|Any CPU
		{6618693E-09A6-425E-B621-B4C59CB2D8E0}.Debug|Any CPU.ActiveCfg = Debug|Any CPU
		{6618693E-09A6-425E-B621-B4C59CB2D8E0}.Debug|Any CPU.Build.0 = Debug|Any CPU
		{6618693E-09A6-425E-B621-B4C59CB2D8E0}.Release|Any CPU.ActiveCfg = Release|Any CPU
		{6618693E-09A6-425E-B621-B4C59CB2D8E0}.Release|Any CPU.Build.0 = Release|Any CPU
		{D1FC214C-EF5F-417F-9DC0-203DC0902B60}.Debug|Any CPU.ActiveCfg = Debug|Any CPU
		{D1FC214C-EF5F-417F-9DC0-203DC0902B60}.Debug|Any CPU.Build.0 = Debug|Any CPU
		{D1FC214C-EF5F-417F-9DC0-203DC0902B60}.Release|Any CPU.ActiveCfg = Release|Any CPU
		{D1FC214C-EF5F-417F-9DC0-203DC0902B60}.Release|Any CPU.Build.0 = Release|Any CPU
	EndGlobalSection
EndGlobal
